// !$*UTF8*$!
{
	archiveVersion = 1;
	classes = {
	};
	objectVersion = 46;
	objects = {

/* Begin PBXBuildFile section */
		2798226E1BBA4293009CFE09 /* AppDelegate.swift in Sources */ = {isa = PBXBuildFile; fileRef = 2798226D1BBA4293009CFE09 /* AppDelegate.swift */; };
		279822701BBA4293009CFE09 /* ViewController.swift in Sources */ = {isa = PBXBuildFile; fileRef = 2798226F1BBA4293009CFE09 /* ViewController.swift */; };
		279822731BBA4293009CFE09 /* Main.storyboard in Resources */ = {isa = PBXBuildFile; fileRef = 279822711BBA4293009CFE09 /* Main.storyboard */; };
		279822751BBA4293009CFE09 /* Images.xcassets in Resources */ = {isa = PBXBuildFile; fileRef = 279822741BBA4293009CFE09 /* Images.xcassets */; };
		279822781BBA4293009CFE09 /* LaunchScreen.xib in Resources */ = {isa = PBXBuildFile; fileRef = 279822761BBA4293009CFE09 /* LaunchScreen.xib */; };
		279822841BBA4293009CFE09 /* Save_and_LoadTests.swift in Sources */ = {isa = PBXBuildFile; fileRef = 279822831BBA4293009CFE09 /* Save_and_LoadTests.swift */; };
		2798228E1BBA47FD009CFE09 /* IMG_0344_10.jpg in Resources */ = {isa = PBXBuildFile; fileRef = 2798228D1BBA47FD009CFE09 /* IMG_0344_10.jpg */; };
/* End PBXBuildFile section */

/* Begin PBXContainerItemProxy section */
		2798227E1BBA4293009CFE09 /* PBXContainerItemProxy */ = {
			isa = PBXContainerItemProxy;
			containerPortal = 279822601BBA4293009CFE09 /* Project object */;
			proxyType = 1;
			remoteGlobalIDString = 279822671BBA4293009CFE09;
			remoteInfo = "Save and Load";
		};
/* End PBXContainerItemProxy section */

/* Begin PBXFileReference section */
		279822681BBA4293009CFE09 /* Save and Load.app */ = {isa = PBXFileReference; explicitFileType = wrapper.application; includeInIndex = 0; path = "Save and Load.app"; sourceTree = BUILT_PRODUCTS_DIR; };
		2798226C1BBA4293009CFE09 /* Info.plist */ = {isa = PBXFileReference; lastKnownFileType = text.plist.xml; path = Info.plist; sourceTree = "<group>"; };
		2798226D1BBA4293009CFE09 /* AppDelegate.swift */ = {isa = PBXFileReference; lastKnownFileType = sourcecode.swift; path = AppDelegate.swift; sourceTree = "<group>"; };
		2798226F1BBA4293009CFE09 /* ViewController.swift */ = {isa = PBXFileReference; lastKnownFileType = sourcecode.swift; path = ViewController.swift; sourceTree = "<group>"; };
		279822721BBA4293009CFE09 /* Base */ = {isa = PBXFileReference; lastKnownFileType = file.storyboard; name = Base; path = Base.lproj/Main.storyboard; sourceTree = "<group>"; };
		279822741BBA4293009CFE09 /* Images.xcassets */ = {isa = PBXFileReference; lastKnownFileType = folder.assetcatalog; path = Images.xcassets; sourceTree = "<group>"; };
		279822771BBA4293009CFE09 /* Base */ = {isa = PBXFileReference; lastKnownFileType = file.xib; name = Base; path = Base.lproj/LaunchScreen.xib; sourceTree = "<group>"; };
		2798227D1BBA4293009CFE09 /* Save and LoadTests.xctest */ = {isa = PBXFileReference; explicitFileType = wrapper.cfbundle; includeInIndex = 0; path = "Save and LoadTests.xctest"; sourceTree = BUILT_PRODUCTS_DIR; };
		279822821BBA4293009CFE09 /* Info.plist */ = {isa = PBXFileReference; lastKnownFileType = text.plist.xml; path = Info.plist; sourceTree = "<group>"; };
		279822831BBA4293009CFE09 /* Save_and_LoadTests.swift */ = {isa = PBXFileReference; lastKnownFileType = sourcecode.swift; path = Save_and_LoadTests.swift; sourceTree = "<group>"; };
		2798228D1BBA47FD009CFE09 /* IMG_0344_10.jpg */ = {isa = PBXFileReference; lastKnownFileType = image.jpeg; name = IMG_0344_10.jpg; path = ../IMG_0344_10.jpg; sourceTree = "<group>"; };
/* End PBXFileReference section */

/* Begin PBXFrameworksBuildPhase section */
		279822651BBA4293009CFE09 /* Frameworks */ = {
			isa = PBXFrameworksBuildPhase;
			buildActionMask = 2147483647;
			files = (
			);
			runOnlyForDeploymentPostprocessing = 0;
		};
		2798227A1BBA4293009CFE09 /* Frameworks */ = {
			isa = PBXFrameworksBuildPhase;
			buildActionMask = 2147483647;
			files = (
			);
			runOnlyForDeploymentPostprocessing = 0;
		};
/* End PBXFrameworksBuildPhase section */

/* Begin PBXGroup section */
		2798225F1BBA4293009CFE09 = {
			isa = PBXGroup;
			children = (
				2798226A1BBA4293009CFE09 /* Save and Load */,
				279822801BBA4293009CFE09 /* Save and LoadTests */,
				279822691BBA4293009CFE09 /* Products */,
			);
			sourceTree = "<group>";
		};
		279822691BBA4293009CFE09 /* Products */ = {
			isa = PBXGroup;
			children = (
				279822681BBA4293009CFE09 /* Save and Load.app */,
				2798227D1BBA4293009CFE09 /* Save and LoadTests.xctest */,
			);
			name = Products;
			sourceTree = "<group>";
		};
		2798226A1BBA4293009CFE09 /* Save and Load */ = {
			isa = PBXGroup;
			children = (
				2798226D1BBA4293009CFE09 /* AppDelegate.swift */,
				2798226F1BBA4293009CFE09 /* ViewController.swift */,
				279822711BBA4293009CFE09 /* Main.storyboard */,
				279822741BBA4293009CFE09 /* Images.xcassets */,
				2798228D1BBA47FD009CFE09 /* IMG_0344_10.jpg */,
				279822761BBA4293009CFE09 /* LaunchScreen.xib */,
				2798226B1BBA4293009CFE09 /* Supporting Files */,
			);
			path = "Save and Load";
			sourceTree = "<group>";
		};
		2798226B1BBA4293009CFE09 /* Supporting Files */ = {
			isa = PBXGroup;
			children = (
				2798226C1BBA4293009CFE09 /* Info.plist */,
			);
			name = "Supporting Files";
			sourceTree = "<group>";
		};
		279822801BBA4293009CFE09 /* Save and LoadTests */ = {
			isa = PBXGroup;
			children = (
				279822831BBA4293009CFE09 /* Save_and_LoadTests.swift */,
				279822811BBA4293009CFE09 /* Supporting Files */,
			);
			path = "Save and LoadTests";
			sourceTree = "<group>";
		};
		279822811BBA4293009CFE09 /* Supporting Files */ = {
			isa = PBXGroup;
			children = (
				279822821BBA4293009CFE09 /* Info.plist */,
			);
			name = "Supporting Files";
			sourceTree = "<group>";
		};
/* End PBXGroup section */

/* Begin PBXNativeTarget section */
		279822671BBA4293009CFE09 /* Save and Load */ = {
			isa = PBXNativeTarget;
			buildConfigurationList = 279822871BBA4293009CFE09 /* Build configuration list for PBXNativeTarget "Save and Load" */;
			buildPhases = (
				279822641BBA4293009CFE09 /* Sources */,
				279822651BBA4293009CFE09 /* Frameworks */,
				279822661BBA4293009CFE09 /* Resources */,
			);
			buildRules = (
			);
			dependencies = (
			);
			name = "Save and Load";
			productName = "Save and Load";
			productReference = 279822681BBA4293009CFE09 /* Save and Load.app */;
			productType = "com.apple.product-type.application";
		};
		2798227C1BBA4293009CFE09 /* Save and LoadTests */ = {
			isa = PBXNativeTarget;
			buildConfigurationList = 2798228A1BBA4293009CFE09 /* Build configuration list for PBXNativeTarget "Save and LoadTests" */;
			buildPhases = (
				279822791BBA4293009CFE09 /* Sources */,
				2798227A1BBA4293009CFE09 /* Frameworks */,
				2798227B1BBA4293009CFE09 /* Resources */,
			);
			buildRules = (
			);
			dependencies = (
				2798227F1BBA4293009CFE09 /* PBXTargetDependency */,
			);
			name = "Save and LoadTests";
			productName = "Save and LoadTests";
			productReference = 2798227D1BBA4293009CFE09 /* Save and LoadTests.xctest */;
			productType = "com.apple.product-type.bundle.unit-test";
		};
/* End PBXNativeTarget section */

/* Begin PBXProject section */
		279822601BBA4293009CFE09 /* Project object */ = {
			isa = PBXProject;
			attributes = {
				LastUpgradeCheck = 0640;
				ORGANIZATIONNAME = "Chris Archibald";
				TargetAttributes = {
					279822671BBA4293009CFE09 = {
						CreatedOnToolsVersion = 6.4;
					};
					2798227C1BBA4293009CFE09 = {
						CreatedOnToolsVersion = 6.4;
						TestTargetID = 279822671BBA4293009CFE09;
					};
				};
			};
			buildConfigurationList = 279822631BBA4293009CFE09 /* Build configuration list for PBXProject "Save and Load" */;
			compatibilityVersion = "Xcode 3.2";
			developmentRegion = English;
			hasScannedForEncodings = 0;
			knownRegions = (
				en,
				Base,
			);
			mainGroup = 2798225F1BBA4293009CFE09;
			productRefGroup = 279822691BBA4293009CFE09 /* Products */;
			projectDirPath = "";
			projectRoot = "";
			targets = (
				279822671BBA4293009CFE09 /* Save and Load */,
				2798227C1BBA4293009CFE09 /* Save and LoadTests */,
			);
		};
/* End PBXProject section */

/* Begin PBXResourcesBuildPhase section */
		279822661BBA4293009CFE09 /* Resources */ = {
			isa = PBXResourcesBuildPhase;
			buildActionMask = 2147483647;
			files = (
				279822731BBA4293009CFE09 /* Main.storyboard in Resources */,
				2798228E1BBA47FD009CFE09 /* IMG_0344_10.jpg in Resources */,
				279822781BBA4293009CFE09 /* LaunchScreen.xib in Resources */,
				279822751BBA4293009CFE09 /* Images.xcassets in Resources */,
			);
			runOnlyForDeploymentPostprocessing = 0;
		};
		2798227B1BBA4293009CFE09 /* Resources */ = {
			isa = PBXResourcesBuildPhase;
			buildActionMask = 2147483647;
			files = (
			);
			runOnlyForDeploymentPostprocessing = 0;
		};
/* End PBXResourcesBuildPhase section */

/* Begin PBXSourcesBuildPhase section */
		279822641BBA4293009CFE09 /* Sources */ = {
			isa = PBXSourcesBuildPhase;
			buildActionMask = 2147483647;
			files = (
				279822701BBA4293009CFE09 /* ViewController.swift in Sources */,
				2798226E1BBA4293009CFE09 /* AppDelegate.swift in Sources */,
			);
			runOnlyForDeploymentPostprocessing = 0;
		};
		279822791BBA4293009CFE09 /* Sources */ = {
			isa = PBXSourcesBuildPhase;
			buildActionMask = 2147483647;
			files = (
				279822841BBA4293009CFE09 /* Save_and_LoadTests.swift in Sources */,
			);
			runOnlyForDeploymentPostprocessing = 0;
		};
/* End PBXSourcesBuildPhase section */

/* Begin PBXTargetDependency section */
		2798227F1BBA4293009CFE09 /* PBXTargetDependency */ = {
			isa = PBXTargetDependency;
			target = 279822671BBA4293009CFE09 /* Save and Load */;
			targetProxy = 2798227E1BBA4293009CFE09 /* PBXContainerItemProxy */;
		};
/* End PBXTargetDependency section */

/* Begin PBXVariantGroup section */
		279822711BBA4293009CFE09 /* Main.storyboard */ = {
			isa = PBXVariantGroup;
			children = (
				279822721BBA4293009CFE09 /* Base */,
			);
			name = Main.storyboard;
			sourceTree = "<group>";
		};
		279822761BBA4293009CFE09 /* LaunchScreen.xib */ = {
			isa = PBXVariantGroup;
			children = (
				279822771BBA4293009CFE09 /* Base */,
			);
			name = LaunchScreen.xib;
			sourceTree = "<group>";
		};
/* End PBXVariantGroup section */

/* Begin XCBuildConfiguration section */
		279822851BBA4293009CFE09 /* Debug */ = {
			isa = XCBuildConfiguration;
			buildSettings = {
				ALWAYS_SEARCH_USER_PATHS = NO;
				CLANG_CXX_LANGUAGE_STANDARD = "gnu++0x";
				CLANG_CXX_LIBRARY = "libc++";
				CLANG_ENABLE_MODULES = YES;
				CLANG_ENABLE_OBJC_ARC = YES;
				CLANG_WARN_BOOL_CONVERSION = YES;
				CLANG_WARN_CONSTANT_CONVERSION = YES;
				CLANG_WARN_DIRECT_OBJC_ISA_USAGE = YES_ERROR;
				CLANG_WARN_EMPTY_BODY = YES;
				CLANG_WARN_ENUM_CONVERSION = YES;
				CLANG_WARN_INT_CONVERSION = YES;
				CLANG_WARN_OBJC_ROOT_CLASS = YES_ERROR;
				CLANG_WARN_UNREACHABLE_CODE = YES;
				CLANG_WARN__DUPLICATE_METHOD_MATCH = YES;
				"CODE_SIGN_IDENTITY[sdk=iphoneos*]" = "iPhone Developer";
				COPY_PHASE_STRIP = NO;
				DEBUG_INFORMATION_FORMAT = "dwarf-with-dsym";
				ENABLE_STRICT_OBJC_MSGSEND = YES;
				GCC_C_LANGUAGE_STANDARD = gnu99;
				GCC_DYNAMIC_NO_PIC = NO;
				GCC_NO_COMMON_BLOCKS = YES;
				GCC_OPTIMIZATION_LEVEL = 0;
				GCC_PREPROCESSOR_DEFINITIONS = (
					"DEBUG=1",
					"$(inherited)",
				);
				GCC_SYMBOLS_PRIVATE_EXTERN = NO;
				GCC_WARN_64_TO_32_BIT_CONVERSION = YES;
				GCC_WARN_ABOUT_RETURN_TYPE = YES_ERROR;
				GCC_WARN_UNDECLARED_SELECTOR = YES;
				GCC_WARN_UNINITIALIZED_AUTOS = YES_AGGRESSIVE;
				GCC_WARN_UNUSED_FUNCTION = YES;
				GCC_WARN_UNUSED_VARIABLE = YES;
				IPHONEOS_DEPLOYMENT_TARGET = 8.4;
				MTL_ENABLE_DEBUG_INFO = YES;
				ONLY_ACTIVE_ARCH = YES;
				SDKROOT = iphoneos;
				SWIFT_OPTIMIZATION_LEVEL = "-Onone";
				TARGETED_DEVICE_FAMILY = "1,2";
			};
			name = Debug;
		};
		279822861BBA4293009CFE09 /* Release */ = {
			isa = XCBuildConfiguration;
			buildSettings = {
				ALWAYS_SEARCH_USER_PATHS = NO;
				CLANG_CXX_LANGUAGE_STANDARD = "gnu++0x";
				CLANG_CXX_LIBRARY = "libc++";
				CLANG_ENABLE_MODULES = YES;
				CLANG_ENABLE_OBJC_ARC = YES;
				CLANG_WARN_BOOL_CONVERSION = YES;
				CLANG_WARN_CONSTANT_CONVERSION = YES;
				CLANG_WARN_DIRECT_OBJC_ISA_USAGE = YES_ERROR;
				CLANG_WARN_EMPTY_BODY = YES;
				CLANG_WARN_ENUM_CONVERSION = YES;
				CLANG_WARN_INT_CONVERSION = YES;
				CLANG_WARN_OBJC_ROOT_CLASS = YES_ERROR;
				CLANG_WARN_UNREACHABLE_CODE = YES;
				CLANG_WARN__DUPLICATE_METHOD_MATCH = YES;
				"CODE_SIGN_IDENTITY[sdk=iphoneos*]" = "iPhone Developer";
				COPY_PHASE_STRIP = NO;
				DEBUG_INFORMATION_FORMAT = "dwarf-with-dsym";
				ENABLE_NS_ASSERTIONS = NO;
				ENABLE_STRICT_OBJC_MSGSEND = YES;
				GCC_C_LANGUAGE_STANDARD = gnu99;
				GCC_NO_COMMON_BLOCKS = YES;
				GCC_WARN_64_TO_32_BIT_CONVERSION = YES;
				GCC_WARN_ABOUT_RETURN_TYPE = YES_ERROR;
				GCC_WARN_UNDECLARED_SELECTOR = YES;
				GCC_WARN_UNINITIALIZED_AUTOS = YES_AGGRESSIVE;
				GCC_WARN_UNUSED_FUNCTION = YES;
				GCC_WARN_UNUSED_VARIABLE = YES;
				IPHONEOS_DEPLOYMENT_TARGET = 8.4;
				MTL_ENABLE_DEBUG_INFO = NO;
				SDKROOT = iphoneos;
				TARGETED_DEVICE_FAMILY = "1,2";
				VALIDATE_PRODUCT = YES;
			};
			name = Release;
		};
		279822881BBA4293009CFE09 /* Debug */ = {
			isa = XCBuildConfiguration;
			buildSettings = {
				ASSETCATALOG_COMPILER_APPICON_NAME = AppIcon;
				INFOPLIST_FILE = "Save and Load/Info.plist";
				LD_RUNPATH_SEARCH_PATHS = "$(inherited) @executable_path/Frameworks";
				PRODUCT_NAME = "$(TARGET_NAME)";
			};
			name = Debug;
		};
		279822891BBA4293009CFE09 /* Release */ = {
			isa = XCBuildConfiguration;
			buildSettings = {
				ASSETCATALOG_COMPILER_APPICON_NAME = AppIcon;
				INFOPLIST_FILE = "Save and Load/Info.plist";
				LD_RUNPATH_SEARCH_PATHS = "$(inherited) @executable_path/Frameworks";
				PRODUCT_NAME = "$(TARGET_NAME)";
			};
			name = Release;
		};
		2798228B1BBA4293009CFE09 /* Debug */ = {
			isa = XCBuildConfiguration;
			buildSettings = {
				BUNDLE_LOADER = "$(TEST_HOST)";
				FRAMEWORK_SEARCH_PATHS = (
					"$(SDKROOT)/Developer/Library/Frameworks",
					"$(inherited)",
				);
				GCC_PREPROCESSOR_DEFINITIONS = (
					"DEBUG=1",
					"$(inherited)",
				);
				INFOPLIST_FILE = "Save and LoadTests/Info.plist";
				LD_RUNPATH_SEARCH_PATHS = "$(inherited) @executable_path/Frameworks @loader_path/Frameworks";
				PRODUCT_NAME = "$(TARGET_NAME)";
				TEST_HOST = "$(BUILT_PRODUCTS_DIR)/Save and Load.app/Save and Load";
			};
			name = Debug;
		};
		2798228C1BBA4293009CFE09 /* Release */ = {
			isa = XCBuildConfiguration;
			buildSettings = {
				BUNDLE_LOADER = "$(TEST_HOST)";
				FRAMEWORK_SEARCH_PATHS = (
					"$(SDKROOT)/Developer/Library/Frameworks",
					"$(inherited)",
				);
				INFOPLIST_FILE = "Save and LoadTests/Info.plist";
				LD_RUNPATH_SEARCH_PATHS = "$(inherited) @executable_path/Frameworks @loader_path/Frameworks";
				PRODUCT_NAME = "$(TARGET_NAME)";
				TEST_HOST = "$(BUILT_PRODUCTS_DIR)/Save and Load.app/Save and Load";
			};
			name = Release;
		};
/* End XCBuildConfiguration section */

/* Begin XCConfigurationList section */
		279822631BBA4293009CFE09 /* Build configuration list for PBXProject "Save and Load" */ = {
			isa = XCConfigurationList;
			buildConfigurations = (
				279822851BBA4293009CFE09 /* Debug */,
				279822861BBA4293009CFE09 /* Release */,
			);
			defaultConfigurationIsVisible = 0;
			defaultConfigurationName = Release;
		};
		279822871BBA4293009CFE09 /* Build configuration list for PBXNativeTarget "Save and Load" */ = {
			isa = XCConfigurationList;
			buildConfigurations = (
				279822881BBA4293009CFE09 /* Debug */,
				279822891BBA4293009CFE09 /* Release */,
			);
			defaultConfigurationIsVisible = 0;
		};
		2798228A1BBA4293009CFE09 /* Build configuration list for PBXNativeTarget "Save and LoadTests" */ = {
			isa = XCConfigurationList;
			buildConfigurations = (
				2798228B1BBA4293009CFE09 /* Debug */,
				2798228C1BBA4293009CFE09 /* Release */,
			);
			defaultConfigurationIsVisible = 0;
		};
/* End XCConfigurationList section */
	};
	rootObject = 279822601BBA4293009CFE09 /* Project object */;
}
